
Microsoft Visual Studio Solution File, Format Version 12.00
# Visual Studio Version 17
VisualStudioVersion = 17.0.31903.59
MinimumVisualStudioVersion = 10.0.40219.1
Project("{FAE04EC0-301F-11D3-BF4B-00C04F79EFBC}") = "Frontend", "Frontend\Frontend.csproj", "{2176C144-A964-4841-9F71-B251C3D7C1DE}"
EndProject
Project("{FAE04EC0-301F-11D3-BF4B-00C04F79EFBC}") = "Backend", "Backend\Backend.csproj", "{4A6FD719-EA17-43F0-8320-9E670B9C1DDD}"
EndProject
Global
	GlobalSection(SolutionConfigurationPlatforms) = preSolution
		Debug|Any CPU = Debug|Any CPU
		Release|Any CPU = Release|Any CPU
	EndGlobalSection
	GlobalSection(SolutionProperties) = preSolution
		HideSolutionNode = FALSE
	EndGlobalSection
	GlobalSection(ProjectConfigurationPlatforms) = postSolution
		{2176C144-A964-4841-9F71-B251C3D7C1DE}.Debug|Any CPU.ActiveCfg = Debug|Any CPU
		{2176C144-A964-4841-9F71-B251C3D7C1DE}.Debug|Any CPU.Build.0 = Debug|Any CPU
		{2176C144-A964-4841-9F71-B251C3D7C1DE}.Release|Any CPU.ActiveCfg = Release|Any CPU
		{2176C144-A964-4841-9F71-B251C3D7C1DE}.Release|Any CPU.Build.0 = Release|Any CPU
		{4A6FD719-EA17-43F0-8320-9E670B9C1DDD}.Debug|Any CPU.ActiveCfg = Debug|Any CPU
		{4A6FD719-EA17-43F0-8320-9E670B9C1DDD}.Debug|Any CPU.Build.0 = Debug|Any CPU
		{4A6FD719-EA17-43F0-8320-9E670B9C1DDD}.Release|Any CPU.ActiveCfg = Release|Any CPU
		{4A6FD719-EA17-43F0-8320-9E670B9C1DDD}.Release|Any CPU.Build.0 = Release|Any CPU
	EndGlobalSection
EndGlobal
